
Microsoft Visual Studio Solution File, Format Version 12.00
# Visual Studio 2013
VisualStudioVersion = 12.0.21005.1
MinimumVisualStudioVersion = 10.0.40219.1
Project("{FAE04EC0-301F-11D3-BF4B-00C04F79EFBC}") = "Pss.ProgrammerMate", "Pss.ProgrammerMate\Pss.ProgrammerMate.csproj", "{8B0EA410-1905-4537-B7DC-36551EC95A76}"
EndProject
Project("{FAE04EC0-301F-11D3-BF4B-00C04F79EFBC}") = "PSS.DAL.COMMON", "PSS.DAL.COMMON\PSS.DAL.COMMON.csproj", "{7DA2F802-0C5C-4489-8CFF-E5F6ABCA45F1}"
EndProject
Project("{FAE04EC0-301F-11D3-BF4B-00C04F79EFBC}") = "Pss.ProgrammerMate.DAL", "Pss.ProgrammerMate.DAL\Pss.ProgrammerMate.DAL.csproj", "{21B3C407-58DA-46E0-BB18-A251164B825D}"
EndProject
Global
	GlobalSection(TeamFoundationVersionControl) = preSolution
		SccNumberOfProjects = 4
		SccEnterpriseProvider = {4CA58AB2-18FA-4F8D-95D4-32DDF27D184C}
		SccTeamFoundationServer = https://sajjucode.visualstudio.com/defaultcollection
		SccLocalPath0 = .
		SccProjectUniqueName1 = Pss.ProgrammerMate\\Pss.ProgrammerMate.csproj
		SccProjectName1 = Pss.ProgrammerMate
		SccLocalPath1 = Pss.ProgrammerMate
		SccProjectUniqueName2 = PSS.DAL.COMMON\\PSS.DAL.COMMON.csproj
		SccProjectName2 = PSS.DAL.COMMON
		SccLocalPath2 = PSS.DAL.COMMON
		SccProjectUniqueName3 = Pss.ProgrammerMate.DAL\\Pss.ProgrammerMate.DAL.csproj
		SccProjectName3 = Pss.ProgrammerMate.DAL
		SccLocalPath3 = Pss.ProgrammerMate.DAL
	EndGlobalSection
	GlobalSection(SolutionConfigurationPlatforms) = preSolution
		Debug|Any CPU = Debug|Any CPU
		Release|Any CPU = Release|Any CPU
	EndGlobalSection
	GlobalSection(ProjectConfigurationPlatforms) = postSolution
		{8B0EA410-1905-4537-B7DC-36551EC95A76}.Debug|Any CPU.ActiveCfg = Debug|Any CPU
		{8B0EA410-1905-4537-B7DC-36551EC95A76}.Debug|Any CPU.Build.0 = Debug|Any CPU
		{8B0EA410-1905-4537-B7DC-36551EC95A76}.Release|Any CPU.ActiveCfg = Release|Any CPU
		{8B0EA410-1905-4537-B7DC-36551EC95A76}.Release|Any CPU.Build.0 = Release|Any CPU
		{7DA2F802-0C5C-4489-8CFF-E5F6ABCA45F1}.Debug|Any CPU.ActiveCfg = Debug|Any CPU
		{7DA2F802-0C5C-4489-8CFF-E5F6ABCA45F1}.Debug|Any CPU.Build.0 = Debug|Any CPU
		{7DA2F802-0C5C-4489-8CFF-E5F6ABCA45F1}.Release|Any CPU.ActiveCfg = Release|Any CPU
		{7DA2F802-0C5C-4489-8CFF-E5F6ABCA45F1}.Release|Any CPU.Build.0 = Release|Any CPU
		{21B3C407-58DA-46E0-BB18-A251164B825D}.Debug|Any CPU.ActiveCfg = Debug|Any CPU
		{21B3C407-58DA-46E0-BB18-A251164B825D}.Debug|Any CPU.Build.0 = Debug|Any CPU
		{21B3C407-58DA-46E0-BB18-A251164B825D}.Release|Any CPU.ActiveCfg = Release|Any CPU
		{21B3C407-58DA-46E0-BB18-A251164B825D}.Release|Any CPU.Build.0 = Release|Any CPU
	EndGlobalSection
	GlobalSection(SolutionProperties) = preSolution
		HideSolutionNode = FALSE
	EndGlobalSection
	GlobalSection(ExtensibilityGlobals) = postSolution
		EnterpriseLibraryConfigurationToolBinariesPathV6 = packages\EnterpriseLibrary.Common.6.0.1304.0\lib\NET45;packages\EnterpriseLibrary.Data.6.0.1304.0\lib\NET45
	EndGlobalSection
EndGlobal
